
Microsoft Visual Studio Solution File, Format Version 12.00
# Visual Studio Version 17
VisualStudioVersion = 17.7.34031.279
MinimumVisualStudioVersion = 10.0.40219.1
Project("{8BC9CEB8-8B4A-11D0-8D11-00A0C91BC942}") = "4_2", "4_2.vcxproj", "{1FF43258-4109-4E4F-B17B-967C512DEE17}"
EndProject
Global
	GlobalSection(SolutionConfigurationPlatforms) = preSolution
		Debug|x64 = Debug|x64
		Debug|x86 = Debug|x86
		Release|x64 = Release|x64
		Release|x86 = Release|x86
	EndGlobalSection
	GlobalSection(ProjectConfigurationPlatforms) = postSolution
		{1FF43258-4109-4E4F-B17B-967C512DEE17}.Debug|x64.ActiveCfg = Debug|x64
		{1FF43258-4109-4E4F-B17B-967C512DEE17}.Debug|x64.Build.0 = Debug|x64
		{1FF43258-4109-4E4F-B17B-967C512DEE17}.Debug|x86.ActiveCfg = Debug|Win32
		{1FF43258-4109-4E4F-B17B-967C512DEE17}.Debug|x86.Build.0 = Debug|Win32
		{1FF43258-4109-4E4F-B17B-967C512DEE17}.Release|x64.ActiveCfg = Release|x64
		{1FF43258-4109-4E4F-B17B-967C512DEE17}.Release|x64.Build.0 = Release|x64
		{1FF43258-4109-4E4F-B17B-967C512DEE17}.Release|x86.ActiveCfg = Release|Win32
		{1FF43258-4109-4E4F-B17B-967C512DEE17}.Release|x86.Build.0 = Release|Win32
	EndGlobalSection
	GlobalSection(SolutionProperties) = preSolution
		HideSolutionNode = FALSE
	EndGlobalSection
	GlobalSection(ExtensibilityGlobals) = postSolution
		SolutionGuid = {58FFD935-3F41-4301-97E0-96CB452C3A75}
	EndGlobalSection
EndGlobal
